dependencies:
- name: redis
  repository: https://charts.bitnami.com/bitnami
  version: 23.2.12
- name: postgresql
  repository: https://charts.bitnami.com/bitnami
  version: 18.1.9
- name: minio
  repository: https://charts.min.io/
  version: 5.4.0
- name: iframely
  repository: file://../iframely
  version: 0.1.0
- name: replicated
  repository: oci://registry.replicated.com/library
  version: 1.16.0
digest: sha256:6aaa277d974fc772a3e428f5463c611df1a5e53d0571a4259fa21fe0f6a0252e
generated: "2026-03-26T22:09:41.256808-04:00"
